
Microsoft Visual Studio Solution File, Format Version 12.00
# Visual Studio Version 17
VisualStudioVersion = 17.5.002.0
MinimumVisualStudioVersion = 10.0.40219.1
Project("{9A19103F-16F7-4668-BE54-9A1E7A4F7556}") = "Todo", "Todo.csproj", "{CAF9D1FB-46E5-478B-8145-88F773DFE6F9}"
EndProject
Project("{FAE04EC0-301F-11D3-BF4B-00C04F79EFBC}") = "TodoApp.UnitTests", "..\TodoApp.UnitTests\TodoApp.UnitTests.csproj", "{1815ECFE-4EA7-43B1-93A6-A828E9E4F0A3}"
EndProject
Project("{FAE04EC0-301F-11D3-BF4B-00C04F79EFBC}") = "TodoApp.IntegrationTests", "..\TodoApp.IntegrationTests\TodoApp.IntegrationTests.csproj", "{3D78976A-7C11-4B3F-A6E8-0C01784B520E}"
EndProject
Global
	GlobalSection(SolutionConfigurationPlatforms) = preSolution
		Debug|Any CPU = Debug|Any CPU
		Release|Any CPU = Release|Any CPU
	EndGlobalSection
	GlobalSection(ProjectConfigurationPlatforms) = postSolution
		{CAF9D1FB-46E5-478B-8145-88F773DFE6F9}.Debug|Any CPU.ActiveCfg = Debug|Any CPU
		{CAF9D1FB-46E5-478B-8145-88F773DFE6F9}.Debug|Any CPU.Build.0 = Debug|Any CPU
		{CAF9D1FB-46E5-478B-8145-88F773DFE6F9}.Release|Any CPU.ActiveCfg = Release|Any CPU
		{CAF9D1FB-46E5-478B-8145-88F773DFE6F9}.Release|Any CPU.Build.0 = Release|Any CPU
		{1815ECFE-4EA7-43B1-93A6-A828E9E4F0A3}.Debug|Any CPU.ActiveCfg = Debug|Any CPU
		{1815ECFE-4EA7-43B1-93A6-A828E9E4F0A3}.Debug|Any CPU.Build.0 = Debug|Any CPU
		{1815ECFE-4EA7-43B1-93A6-A828E9E4F0A3}.Release|Any CPU.ActiveCfg = Release|Any CPU
		{1815ECFE-4EA7-43B1-93A6-A828E9E4F0A3}.Release|Any CPU.Build.0 = Release|Any CPU
		{3D78976A-7C11-4B3F-A6E8-0C01784B520E}.Debug|Any CPU.ActiveCfg = Debug|Any CPU
		{3D78976A-7C11-4B3F-A6E8-0C01784B520E}.Debug|Any CPU.Build.0 = Debug|Any CPU
		{3D78976A-7C11-4B3F-A6E8-0C01784B520E}.Release|Any CPU.ActiveCfg = Release|Any CPU
		{3D78976A-7C11-4B3F-A6E8-0C01784B520E}.Release|Any CPU.Build.0 = Release|Any CPU
	EndGlobalSection
	GlobalSection(SolutionProperties) = preSolution
		HideSolutionNode = FALSE
	EndGlobalSection
	GlobalSection(ExtensibilityGlobals) = postSolution
		SolutionGuid = {E1827366-9C3F-4FA8-B0A0-EAD5F97A3DE9}
	EndGlobalSection
EndGlobal
